
Microsoft Visual Studio Solution File, Format Version 12.00
# Visual Studio Version 16
VisualStudioVersion = 16.0.31515.178
MinimumVisualStudioVersion = 10.0.40219.1
Project("{FAE04EC0-301F-11D3-BF4B-00C04F79EFBC}") = "NewsPortal", "NewsPortal\NewsPortal.csproj", "{67A86D8B-1D0A-43E1-A051-5BE934AB3AD2}"
EndProject
Global
	GlobalSection(SolutionConfigurationPlatforms) = preSolution
		Debug|Any CPU = Debug|Any CPU
		Release|Any CPU = Release|Any CPU
	EndGlobalSection
	GlobalSection(ProjectConfigurationPlatforms) = postSolution
		{67A86D8B-1D0A-43E1-A051-5BE934AB3AD2}.Debug|Any CPU.ActiveCfg = Debug|Any CPU
		{67A86D8B-1D0A-43E1-A051-5BE934AB3AD2}.Debug|Any CPU.Build.0 = Debug|Any CPU
		{67A86D8B-1D0A-43E1-A051-5BE934AB3AD2}.Release|Any CPU.ActiveCfg = Release|Any CPU
		{67A86D8B-1D0A-43E1-A051-5BE934AB3AD2}.Release|Any CPU.Build.0 = Release|Any CPU
	EndGlobalSection
	GlobalSection(SolutionProperties) = preSolution
		HideSolutionNode = FALSE
	EndGlobalSection
	GlobalSection(ExtensibilityGlobals) = postSolution
		SolutionGuid = {F1F7605A-2EA4-4DAB-96E2-508169E4107D}
	EndGlobalSection
EndGlobal
